
Microsoft Visual Studio Solution File, Format Version 12.00
# Visual Studio Version 17
VisualStudioVersion = 17.5.33516.290
MinimumVisualStudioVersion = 10.0.40219.1
Project("{FAE04EC0-301F-11D3-BF4B-00C04F79EFBC}") = "Web_Cinema_App", "Web_Cinema_App.csproj", "{224ABEA0-A740-4905-B174-484ABDFACEAD}"
EndProject
Global
	GlobalSection(SolutionConfigurationPlatforms) = preSolution
		Debug|Any CPU = Debug|Any CPU
		Release|Any CPU = Release|Any CPU
	EndGlobalSection
	GlobalSection(ProjectConfigurationPlatforms) = postSolution
		{224ABEA0-A740-4905-B174-484ABDFACEAD}.Debug|Any CPU.ActiveCfg = Debug|Any CPU
		{224ABEA0-A740-4905-B174-484ABDFACEAD}.Debug|Any CPU.Build.0 = Debug|Any CPU
		{224ABEA0-A740-4905-B174-484ABDFACEAD}.Release|Any CPU.ActiveCfg = Release|Any CPU
		{224ABEA0-A740-4905-B174-484ABDFACEAD}.Release|Any CPU.Build.0 = Release|Any CPU
	EndGlobalSection
	GlobalSection(SolutionProperties) = preSolution
		HideSolutionNode = FALSE
	EndGlobalSection
	GlobalSection(ExtensibilityGlobals) = postSolution
		SolutionGuid = {2B889083-7B37-4D72-8A49-6FE956C71383}
	EndGlobalSection
EndGlobal
